// !$*UTF8*$!
{
	archiveVersion = 1;
	classes = {
	};
	objectVersion = 56;
	objects = {

/* Begin PBXBuildFile section */
		EC820CF629C6A4930009DD36 /* SwiftUIAnimation06App.swift in Sources */ = {isa = PBXBuildFile; fileRef = EC820CF529C6A4930009DD36 /* SwiftUIAnimation06App.swift */; };
		EC820CF829C6A4930009DD36 /* ContentView.swift in Sources */ = {isa = PBXBuildFile; fileRef = EC820CF729C6A4930009DD36 /* ContentView.swift */; };
		EC820CFA29C6A4950009DD36 /* Assets.xcassets in Resources */ = {isa = PBXBuildFile; fileRef = EC820CF929C6A4950009DD36 /* Assets.xcassets */; };
		EC820CFD29C6A4950009DD36 /* Preview Assets.xcassets in Resources */ = {isa = PBXBuildFile; fileRef = EC820CFC29C6A4950009DD36 /* Preview Assets.xcassets */; };
		EC820D0429C6A4CA0009DD36 /* TimerView.swift in Sources */ = {isa = PBXBuildFile; fileRef = EC820D0329C6A4CA0009DD36 /* TimerView.swift */; };
		EC820D0629C6A93A0009DD36 /* CustomTimer.swift in Sources */ = {isa = PBXBuildFile; fileRef = EC820D0529C6A93A0009DD36 /* CustomTimer.swift */; };
		EC820D0829C6AB110009DD36 /* GZLog.swift in Sources */ = {isa = PBXBuildFile; fileRef = EC820D0729C6AB110009DD36 /* GZLog.swift */; };
		EC820D0C29C6D5FF0009DD36 /* NumberTransitionView.swift in Sources */ = {isa = PBXBuildFile; fileRef = EC820D0B29C6D5FF0009DD36 /* NumberTransitionView.swift */; };
		EC820D0E29C6D92A0009DD36 /* TimerDigitsView.swift in Sources */ = {isa = PBXBuildFile; fileRef = EC820D0D29C6D92A0009DD36 /* TimerDigitsView.swift */; };
		EC820D1029C6DCEE0009DD36 /* SlidingNumber.swift in Sources */ = {isa = PBXBuildFile; fileRef = EC820D0F29C6DCEE0009DD36 /* SlidingNumber.swift */; };
		EC8CC6EC29D03B9B00FC0AEA /* AnalogTimerView.swift in Sources */ = {isa = PBXBuildFile; fileRef = EC8CC6EB29D03B9B00FC0AEA /* AnalogTimerView.swift */; };
		ECA55BF729CEC13600376C0F /* PopupSelectionButton.swift in Sources */ = {isa = PBXBuildFile; fileRef = ECA55BF629CEC13600376C0F /* PopupSelectionButton.swift */; };
		ECA55BF929CED9E600376C0F /* AnimatedRadarChart.swift in Sources */ = {isa = PBXBuildFile; fileRef = ECA55BF829CED9E600376C0F /* AnimatedRadarChart.swift */; };
		ECA55BFB29CEE4EB00376C0F /* PolygonChartView.swift in Sources */ = {isa = PBXBuildFile; fileRef = ECA55BFA29CEE4EB00376C0F /* PolygonChartView.swift */; };
/* End PBXBuildFile section */

/* Begin PBXFileReference section */
		EC820CF229C6A4930009DD36 /* SwiftUIAnimation06.app */ = {isa = PBXFileReference; explicitFileType = wrapper.application; includeInIndex = 0; path = SwiftUIAnimation06.app; sourceTree = BUILT_PRODUCTS_DIR; };
		EC820CF529C6A4930009DD36 /* SwiftUIAnimation06App.swift */ = {isa = PBXFileReference; lastKnownFileType = sourcecode.swift; path = SwiftUIAnimation06App.swift; sourceTree = "<group>"; };
		EC820CF729C6A4930009DD36 /* ContentView.swift */ = {isa = PBXFileReference; lastKnownFileType = sourcecode.swift; path = ContentView.swift; sourceTree = "<group>"; };
		EC820CF929C6A4950009DD36 /* Assets.xcassets */ = {isa = PBXFileReference; lastKnownFileType = folder.assetcatalog; path = Assets.xcassets; sourceTree = "<group>"; };
		EC820CFC29C6A4950009DD36 /* Preview Assets.xcassets */ = {isa = PBXFileReference; lastKnownFileType = folder.assetcatalog; path = "Preview Assets.xcassets"; sourceTree = "<group>"; };
		EC820D0329C6A4CA0009DD36 /* TimerView.swift */ = {isa = PBXFileReference; lastKnownFileType = sourcecode.swift; path = TimerView.swift; sourceTree = "<group>"; };
		EC820D0529C6A93A0009DD36 /* CustomTimer.swift */ = {isa = PBXFileReference; lastKnownFileType = sourcecode.swift; path = CustomTimer.swift; sourceTree = "<group>"; };
		EC820D0729C6AB110009DD36 /* GZLog.swift */ = {isa = PBXFileReference; fileEncoding = 4; lastKnownFileType = sourcecode.swift; path = GZLog.swift; sourceTree = "<group>"; };
		EC820D0B29C6D5FF0009DD36 /* NumberTransitionView.swift */ = {isa = PBXFileReference; lastKnownFileType = sourcecode.swift; path = NumberTransitionView.swift; sourceTree = "<group>"; };
		EC820D0D29C6D92A0009DD36 /* TimerDigitsView.swift */ = {isa = PBXFileReference; lastKnownFileType = sourcecode.swift; path = TimerDigitsView.swift; sourceTree = "<group>"; };
		EC820D0F29C6DCEE0009DD36 /* SlidingNumber.swift */ = {isa = PBXFileReference; lastKnownFileType = sourcecode.swift; path = SlidingNumber.swift; sourceTree = "<group>"; };
		EC8CC6EB29D03B9B00FC0AEA /* AnalogTimerView.swift */ = {isa = PBXFileReference; lastKnownFileType = sourcecode.swift; path = AnalogTimerView.swift; sourceTree = "<group>"; };
		ECA55BF629CEC13600376C0F /* PopupSelectionButton.swift */ = {isa = PBXFileReference; lastKnownFileType = sourcecode.swift; path = PopupSelectionButton.swift; sourceTree = "<group>"; };
		ECA55BF829CED9E600376C0F /* AnimatedRadarChart.swift */ = {isa = PBXFileReference; lastKnownFileType = sourcecode.swift; path = AnimatedRadarChart.swift; sourceTree = "<group>"; };
		ECA55BFA29CEE4EB00376C0F /* PolygonChartView.swift */ = {isa = PBXFileReference; lastKnownFileType = sourcecode.swift; path = PolygonChartView.swift; sourceTree = "<group>"; };
/* End PBXFileReference section */

/* Begin PBXFrameworksBuildPhase section */
		EC820CEF29C6A4930009DD36 /* Frameworks */ = {
			isa = PBXFrameworksBuildPhase;
			buildActionMask = 2147483647;
			files = (
			);
			runOnlyForDeploymentPostprocessing = 0;
		};
/* End PBXFrameworksBuildPhase section */

/* Begin PBXGroup section */
		EC820CE929C6A4920009DD36 = {
			isa = PBXGroup;
			children = (
				EC820CF429C6A4930009DD36 /* SwiftUIAnimation06 */,
				EC820CF329C6A4930009DD36 /* Products */,
			);
			sourceTree = "<group>";
		};
		EC820CF329C6A4930009DD36 /* Products */ = {
			isa = PBXGroup;
			children = (
				EC820CF229C6A4930009DD36 /* SwiftUIAnimation06.app */,
			);
			name = Products;
			sourceTree = "<group>";
		};
		EC820CF429C6A4930009DD36 /* SwiftUIAnimation06 */ = {
			isa = PBXGroup;
			children = (
				EC820D0729C6AB110009DD36 /* GZLog.swift */,
				EC820CF529C6A4930009DD36 /* SwiftUIAnimation06App.swift */,
				EC820CF729C6A4930009DD36 /* ContentView.swift */,
				EC8CC6EB29D03B9B00FC0AEA /* AnalogTimerView.swift */,
				ECA55BF629CEC13600376C0F /* PopupSelectionButton.swift */,
				ECA55BF829CED9E600376C0F /* AnimatedRadarChart.swift */,
				ECA55BFA29CEE4EB00376C0F /* PolygonChartView.swift */,
				EC820D0D29C6D92A0009DD36 /* TimerDigitsView.swift */,
				EC820D0329C6A4CA0009DD36 /* TimerView.swift */,
				EC820D0B29C6D5FF0009DD36 /* NumberTransitionView.swift */,
				EC820D0529C6A93A0009DD36 /* CustomTimer.swift */,
				EC820D0F29C6DCEE0009DD36 /* SlidingNumber.swift */,
				EC820CF929C6A4950009DD36 /* Assets.xcassets */,
				EC820CFB29C6A4950009DD36 /* Preview Content */,
			);
			path = SwiftUIAnimation06;
			sourceTree = "<group>";
		};
		EC820CFB29C6A4950009DD36 /* Preview Content */ = {
			isa = PBXGroup;
			children = (
				EC820CFC29C6A4950009DD36 /* Preview Assets.xcassets */,
			);
			path = "Preview Content";
			sourceTree = "<group>";
		};
/* End PBXGroup section */

/* Begin PBXNativeTarget section */
		EC820CF129C6A4930009DD36 /* SwiftUIAnimation06 */ = {
			isa = PBXNativeTarget;
			buildConfigurationList = EC820D0029C6A4950009DD36 /* Build configuration list for PBXNativeTarget "SwiftUIAnimation06" */;
			buildPhases = (
				EC820CEE29C6A4930009DD36 /* Sources */,
				EC820CEF29C6A4930009DD36 /* Frameworks */,
				EC820CF029C6A4930009DD36 /* Resources */,
			);
			buildRules = (
			);
			dependencies = (
			);
			name = SwiftUIAnimation06;
			productName = SwiftUIAnimation06;
			productReference = EC820CF229C6A4930009DD36 /* SwiftUIAnimation06.app */;
			productType = "com.apple.product-type.application";
		};
/* End PBXNativeTarget section */

/* Begin PBXProject section */
		EC820CEA29C6A4920009DD36 /* Project object */ = {
			isa = PBXProject;
			attributes = {
				BuildIndependentTargetsInParallel = 1;
				LastSwiftUpdateCheck = 1420;
				LastUpgradeCheck = 1420;
				TargetAttributes = {
					EC820CF129C6A4930009DD36 = {
						CreatedOnToolsVersion = 14.2;
					};
				};
			};
			buildConfigurationList = EC820CED29C6A4920009DD36 /* Build configuration list for PBXProject "SwiftUIAnimation06" */;
			compatibilityVersion = "Xcode 14.0";
			developmentRegion = en;
			hasScannedForEncodings = 0;
			knownRegions = (
				en,
				Base,
			);
			mainGroup = EC820CE929C6A4920009DD36;
			productRefGroup = EC820CF329C6A4930009DD36 /* Products */;
			projectDirPath = "";
			projectRoot = "";
			targets = (
				EC820CF129C6A4930009DD36 /* SwiftUIAnimation06 */,
			);
		};
/* End PBXProject section */

/* Begin PBXResourcesBuildPhase section */
		EC820CF029C6A4930009DD36 /* Resources */ = {
			isa = PBXResourcesBuildPhase;
			buildActionMask = 2147483647;
			files = (
				EC820CFD29C6A4950009DD36 /* Preview Assets.xcassets in Resources */,
				EC820CFA29C6A4950009DD36 /* Assets.xcassets in Resources */,
			);
			runOnlyForDeploymentPostprocessing = 0;
		};
/* End PBXResourcesBuildPhase section */

/* Begin PBXSourcesBuildPhase section */
		EC820CEE29C6A4930009DD36 /* Sources */ = {
			isa = PBXSourcesBuildPhase;
			buildActionMask = 2147483647;
			files = (
				ECA55BF929CED9E600376C0F /* AnimatedRadarChart.swift in Sources */,
				ECA55BF729CEC13600376C0F /* PopupSelectionButton.swift in Sources */,
				EC820D0C29C6D5FF0009DD36 /* NumberTransitionView.swift in Sources */,
				ECA55BFB29CEE4EB00376C0F /* PolygonChartView.swift in Sources */,
				EC820D1029C6DCEE0009DD36 /* SlidingNumber.swift in Sources */,
				EC820D0629C6A93A0009DD36 /* CustomTimer.swift in Sources */,
				EC820D0429C6A4CA0009DD36 /* TimerView.swift in Sources */,
				EC820CF829C6A4930009DD36 /* ContentView.swift in Sources */,
				EC820D0E29C6D92A0009DD36 /* TimerDigitsView.swift in Sources */,
				EC820CF629C6A4930009DD36 /* SwiftUIAnimation06App.swift in Sources */,
				EC8CC6EC29D03B9B00FC0AEA /* AnalogTimerView.swift in Sources */,
				EC820D0829C6AB110009DD36 /* GZLog.swift in Sources */,
			);
			runOnlyForDeploymentPostprocessing = 0;
		};
/* End PBXSourcesBuildPhase section */

/* Begin XCBuildConfiguration section */
		EC820CFE29C6A4950009DD36 /* Debug */ = {
			isa = XCBuildConfiguration;
			buildSettings = {
				ALWAYS_SEARCH_USER_PATHS = NO;
				CLANG_ANALYZER_NONNULL = YES;
				CLANG_ANALYZER_NUMBER_OBJECT_CONVERSION = YES_AGGRESSIVE;
				CLANG_CXX_LANGUAGE_STANDARD = "gnu++20";
				CLANG_ENABLE_MODULES = YES;
				CLANG_ENABLE_OBJC_ARC = YES;
				CLANG_ENABLE_OBJC_WEAK = YES;
				CLANG_WARN_BLOCK_CAPTURE_AUTORELEASING = YES;
				CLANG_WARN_BOOL_CONVERSION = YES;
				CLANG_WARN_COMMA = YES;
				CLANG_WARN_CONSTANT_CONVERSION = YES;
				CLANG_WARN_DEPRECATED_OBJC_IMPLEMENTATIONS = YES;
				CLANG_WARN_DIRECT_OBJC_ISA_USAGE = YES_ERROR;
				CLANG_WARN_DOCUMENTATION_COMMENTS = YES;
				CLANG_WARN_EMPTY_BODY = YES;
				CLANG_WARN_ENUM_CONVERSION = YES;
				CLANG_WARN_INFINITE_RECURSION = YES;
				CLANG_WARN_INT_CONVERSION = YES;
				CLANG_WARN_NON_LITERAL_NULL_CONVERSION = YES;
				CLANG_WARN_OBJC_IMPLICIT_RETAIN_SELF = YES;
				CLANG_WARN_OBJC_LITERAL_CONVERSION = YES;
				CLANG_WARN_OBJC_ROOT_CLASS = YES_ERROR;
				CLANG_WARN_QUOTED_INCLUDE_IN_FRAMEWORK_HEADER = YES;
				CLANG_WARN_RANGE_LOOP_ANALYSIS = YES;
				CLANG_WARN_STRICT_PROTOTYPES = YES;
				CLANG_WARN_SUSPICIOUS_MOVE = YES;
				CLANG_WARN_UNGUARDED_AVAILABILITY = YES_AGGRESSIVE;
				CLANG_WARN_UNREACHABLE_CODE = YES;
				CLANG_WARN__DUPLICATE_METHOD_MATCH = YES;
				COPY_PHASE_STRIP = NO;
				DEBUG_INFORMATION_FORMAT = dwarf;
				ENABLE_STRICT_OBJC_MSGSEND = YES;
				ENABLE_TESTABILITY = YES;
				GCC_C_LANGUAGE_STANDARD = gnu11;
				GCC_DYNAMIC_NO_PIC = NO;
				GCC_NO_COMMON_BLOCKS = YES;
				GCC_OPTIMIZATION_LEVEL = 0;
				GCC_PREPROCESSOR_DEFINITIONS = (
					"DEBUG=1",
					"$(inherited)",
				);
				GCC_WARN_64_TO_32_BIT_CONVERSION = YES;
				GCC_WARN_ABOUT_RETURN_TYPE = YES_ERROR;
				GCC_WARN_UNDECLARED_SELECTOR = YES;
				GCC_WARN_UNINITIALIZED_AUTOS = YES_AGGRESSIVE;
				GCC_WARN_UNUSED_FUNCTION = YES;
				GCC_WARN_UNUSED_VARIABLE = YES;
				IPHONEOS_DEPLOYMENT_TARGET = 16.2;
				MTL_ENABLE_DEBUG_INFO = INCLUDE_SOURCE;
				MTL_FAST_MATH = YES;
				ONLY_ACTIVE_ARCH = YES;
				SDKROOT = iphoneos;
				SWIFT_ACTIVE_COMPILATION_CONDITIONS = DEBUG;
				SWIFT_OPTIMIZATION_LEVEL = "-Onone";
			};
			name = Debug;
		};
		EC820CFF29C6A4950009DD36 /* Release */ = {
			isa = XCBuildConfiguration;
			buildSettings = {
				ALWAYS_SEARCH_USER_PATHS = NO;
				CLANG_ANALYZER_NONNULL = YES;
				CLANG_ANALYZER_NUMBER_OBJECT_CONVERSION = YES_AGGRESSIVE;
				CLANG_CXX_LANGUAGE_STANDARD = "gnu++20";
				CLANG_ENABLE_MODULES = YES;
				CLANG_ENABLE_OBJC_ARC = YES;
				CLANG_ENABLE_OBJC_WEAK = YES;
				CLANG_WARN_BLOCK_CAPTURE_AUTORELEASING = YES;
				CLANG_WARN_BOOL_CONVERSION = YES;
				CLANG_WARN_COMMA = YES;
				CLANG_WARN_CONSTANT_CONVERSION = YES;
				CLANG_WARN_DEPRECATED_OBJC_IMPLEMENTATIONS = YES;
				CLANG_WARN_DIRECT_OBJC_ISA_USAGE = YES_ERROR;
				CLANG_WARN_DOCUMENTATION_COMMENTS = YES;
				CLANG_WARN_EMPTY_BODY = YES;
				CLANG_WARN_ENUM_CONVERSION = YES;
				CLANG_WARN_INFINITE_RECURSION = YES;
				CLANG_WARN_INT_CONVERSION = YES;
				CLANG_WARN_NON_LITERAL_NULL_CONVERSION = YES;
				CLANG_WARN_OBJC_IMPLICIT_RETAIN_SELF = YES;
				CLANG_WARN_OBJC_LITERAL_CONVERSION = YES;
				CLANG_WARN_OBJC_ROOT_CLASS = YES_ERROR;
				CLANG_WARN_QUOTED_INCLUDE_IN_FRAMEWORK_HEADER = YES;
				CLANG_WARN_RANGE_LOOP_ANALYSIS = YES;
				CLANG_WARN_STRICT_PROTOTYPES = YES;
				CLANG_WARN_SUSPICIOUS_MOVE = YES;
				CLANG_WARN_UNGUARDED_AVAILABILITY = YES_AGGRESSIVE;
				CLANG_WARN_UNREACHABLE_CODE = YES;
				CLANG_WARN__DUPLICATE_METHOD_MATCH = YES;
				COPY_PHASE_STRIP = NO;
				DEBUG_INFORMATION_FORMAT = "dwarf-with-dsym";
				ENABLE_NS_ASSERTIONS = NO;
				ENABLE_STRICT_OBJC_MSGSEND = YES;
				GCC_C_LANGUAGE_STANDARD = gnu11;
				GCC_NO_COMMON_BLOCKS = YES;
				GCC_WARN_64_TO_32_BIT_CONVERSION = YES;
				GCC_WARN_ABOUT_RETURN_TYPE = YES_ERROR;
				GCC_WARN_UNDECLARED_SELECTOR = YES;
				GCC_WARN_UNINITIALIZED_AUTOS = YES_AGGRESSIVE;
				GCC_WARN_UNUSED_FUNCTION = YES;
				GCC_WARN_UNUSED_VARIABLE = YES;
				IPHONEOS_DEPLOYMENT_TARGET = 16.2;
				MTL_ENABLE_DEBUG_INFO = NO;
				MTL_FAST_MATH = YES;
				SDKROOT = iphoneos;
				SWIFT_COMPILATION_MODE = wholemodule;
				SWIFT_OPTIMIZATION_LEVEL = "-O";
				VALIDATE_PRODUCT = YES;
			};
			name = Release;
		};
		EC820D0129C6A4950009DD36 /* Debug */ = {
			isa = XCBuildConfiguration;
			buildSettings = {
				ASSETCATALOG_COMPILER_APPICON_NAME = AppIcon;
				ASSETCATALOG_COMPILER_GLOBAL_ACCENT_COLOR_NAME = AccentColor;
				CODE_SIGN_STYLE = Automatic;
				CURRENT_PROJECT_VERSION = 1;
				DEVELOPMENT_ASSET_PATHS = "\"SwiftUIAnimation06/Preview Content\"";
				DEVELOPMENT_TEAM = WD3LPJ2STX;
				ENABLE_PREVIEWS = YES;
				GENERATE_INFOPLIST_FILE = YES;
				INFOPLIST_KEY_UIApplicationSceneManifest_Generation = YES;
				INFOPLIST_KEY_UIApplicationSupportsIndirectInputEvents = YES;
				INFOPLIST_KEY_UILaunchScreen_Generation = YES;
				INFOPLIST_KEY_UISupportedInterfaceOrientations_iPad = "UIInterfaceOrientationPortrait UIInterfaceOrientationPortraitUpsideDown UIInterfaceOrientationLandscapeLeft UIInterfaceOrientationLandscapeRight";
				INFOPLIST_KEY_UISupportedInterfaceOrientations_iPhone = "UIInterfaceOrientationPortrait UIInterfaceOrientationLandscapeLeft UIInterfaceOrientationLandscapeRight";
				LD_RUNPATH_SEARCH_PATHS = (
					"$(inherited)",
					"@executable_path/Frameworks",
				);
				MARKETING_VERSION = 1.0;
				PRODUCT_BUNDLE_IDENTIFIER = g.SwiftUIAnimation06;
				PRODUCT_NAME = "$(TARGET_NAME)";
				SWIFT_EMIT_LOC_STRINGS = YES;
				SWIFT_VERSION = 5.0;
				TARGETED_DEVICE_FAMILY = "1,2";
			};
			name = Debug;
		};
		EC820D0229C6A4950009DD36 /* Release */ = {
			isa = XCBuildConfiguration;
			buildSettings = {
				ASSETCATALOG_COMPILER_APPICON_NAME = AppIcon;
				ASSETCATALOG_COMPILER_GLOBAL_ACCENT_COLOR_NAME = AccentColor;
				CODE_SIGN_STYLE = Automatic;
				CURRENT_PROJECT_VERSION = 1;
				DEVELOPMENT_ASSET_PATHS = "\"SwiftUIAnimation06/Preview Content\"";
				DEVELOPMENT_TEAM = WD3LPJ2STX;
				ENABLE_PREVIEWS = YES;
				GENERATE_INFOPLIST_FILE = YES;
				INFOPLIST_KEY_UIApplicationSceneManifest_Generation = YES;
				INFOPLIST_KEY_UIApplicationSupportsIndirectInputEvents = YES;
				INFOPLIST_KEY_UILaunchScreen_Generation = YES;
				INFOPLIST_KEY_UISupportedInterfaceOrientations_iPad = "UIInterfaceOrientationPortrait UIInterfaceOrientationPortraitUpsideDown UIInterfaceOrientationLandscapeLeft UIInterfaceOrientationLandscapeRight";
				INFOPLIST_KEY_UISupportedInterfaceOrientations_iPhone = "UIInterfaceOrientationPortrait UIInterfaceOrientationLandscapeLeft UIInterfaceOrientationLandscapeRight";
				LD_RUNPATH_SEARCH_PATHS = (
					"$(inherited)",
					"@executable_path/Frameworks",
				);
				MARKETING_VERSION = 1.0;
				PRODUCT_BUNDLE_IDENTIFIER = g.SwiftUIAnimation06;
				PRODUCT_NAME = "$(TARGET_NAME)";
				SWIFT_EMIT_LOC_STRINGS = YES;
				SWIFT_VERSION = 5.0;
				TARGETED_DEVICE_FAMILY = "1,2";
			};
			name = Release;
		};
/* End XCBuildConfiguration section */

/* Begin XCConfigurationList section */
		EC820CED29C6A4920009DD36 /* Build configuration list for PBXProject "SwiftUIAnimation06" */ = {
			isa = XCConfigurationList;
			buildConfigurations = (
				EC820CFE29C6A4950009DD36 /* Debug */,
				EC820CFF29C6A4950009DD36 /* Release */,
			);
			defaultConfigurationIsVisible = 0;
			defaultConfigurationName = Release;
		};
		EC820D0029C6A4950009DD36 /* Build configuration list for PBXNativeTarget "SwiftUIAnimation06" */ = {
			isa = XCConfigurationList;
			buildConfigurations = (
				EC820D0129C6A4950009DD36 /* Debug */,
				EC820D0229C6A4950009DD36 /* Release */,
			);
			defaultConfigurationIsVisible = 0;
			defaultConfigurationName = Release;
		};
/* End XCConfigurationList section */
	};
	rootObject = EC820CEA29C6A4920009DD36 /* Project object */;
}
